# This file is automatically @generated by Cargo.
# It is not intended for manual editing.
version = 4

[[package]]
name = "anstyle"
version = "1.0.10"
source = "registry+https://github.com/rust-lang/crates.io-index"
checksum = "55cc3b69f167a1ef2e161439aa98aed94e6028e5f9a59be9a6ffb47aef1651f9"

[[package]]
name = "anyhow"
version = "1.0.95"
source = "registry+https://github.com/rust-lang/crates.io-index"
checksum = "34ac096ce696dc2fcabef30516bb13c0a68a11d30131d3df6f04711467681b04"

[[package]]
name = "autocfg"
version = "1.4.0"
source = "registry+https://github.com/rust-lang/crates.io-index"
checksum = "ace50bade8e6234aa140d9a2f552bbee1db4d353f69b8217bc503490fc1a9f26"

[[package]]
name = "bitflags"
version = "2.6.0"
source = "registry+https://github.com/rust-lang/crates.io-index"
checksum = "b048fb63fd8b5923fc5aa7b340d8e156aec7ec02f0c78fa8a6ddc2613f6f71de"

[[package]]
name = "bytemuck"
version = "1.21.0"
source = "registry+https://github.com/rust-lang/crates.io-index"
checksum = "ef657dfab802224e671f5818e9a4935f9b1957ed18e58292690cc39e7a4092a3"

[[package]]
name = "cfg-if"
version = "1.0.0"
source = "registry+https://github.com/rust-lang/crates.io-index"
checksum = "baf1de4339761588bc0619e3cbc0120ee582ebb74b53b4efbf79117bd2da40fd"

[[package]]
name = "cfg_aliases"
version = "0.1.1"
source = "registry+https://github.com/rust-lang/crates.io-index"
checksum = "fd16c4719339c4530435d38e511904438d07cce7950afa3718a84ac36c10e89e"

[[package]]
name = "clap"
version = "4.5.24"
source = "registry+https://github.com/rust-lang/crates.io-index"
checksum = "9560b07a799281c7e0958b9296854d6fafd4c5f31444a7e5bb1ad6dde5ccf1bd"
dependencies = [
 "clap_builder",
 "clap_derive",
]

[[package]]
name = "clap_builder"
version = "4.5.24"
source = "registry+https://github.com/rust-lang/crates.io-index"
checksum = "874e0dd3eb68bf99058751ac9712f622e61e6f393a94f7128fa26e3f02f5c7cd"
dependencies = [
 "anstyle",
 "clap_lex",
]

[[package]]
name = "clap_derive"
version = "4.5.24"
source = "registry+https://github.com/rust-lang/crates.io-index"
checksum = "54b755194d6389280185988721fffba69495eed5ee9feeee9a599b53db80318c"
dependencies = [
 "heck",
 "proc-macro2",
 "quote",
 "syn",
]

[[package]]
name = "clap_lex"
version = "0.7.4"
source = "registry+https://github.com/rust-lang/crates.io-index"
checksum = "f46ad14479a25103f283c0f10005961cf086d8dc42205bb44c46ac563475dca6"

[[package]]
name = "equivalent"
version = "1.0.1"
source = "registry+https://github.com/rust-lang/crates.io-index"
checksum = "5443807d6dff69373d433ab9ef5378ad8df50ca6298caf15de6e52e24aaf54d5"

[[package]]
name = "hashbrown"
version = "0.15.2"
source = "registry+https://github.com/rust-lang/crates.io-index"
checksum = "bf151400ff0baff5465007dd2f3e717f3fe502074ca563069ce3a6629d07b289"

[[package]]
name = "heck"
version = "0.5.0"
source = "registry+https://github.com/rust-lang/crates.io-index"
checksum = "2304e00983f87ffb38b55b444b5e3b60a884b5d30c0fca7d82fe33449bbe55ea"

[[package]]
name = "indexmap"
version = "2.7.0"
source = "registry+https://github.com/rust-lang/crates.io-index"
checksum = "62f822373a4fe84d4bb149bf54e584a7f4abec90e072ed49cda0edea5b95471f"
dependencies = [
 "equivalent",
 "hashbrown",
]

[[package]]
name = "libc"
version = "0.2.169"
source = "registry+https://github.com/rust-lang/crates.io-index"
checksum = "b5aba8db14291edd000dfcc4d620c7ebfb122c613afb886ca8803fa4e128a20a"

[[package]]
name = "memchr"
version = "2.7.4"
source = "registry+https://github.com/rust-lang/crates.io-index"
checksum = "78ca9ab1a0babb1e7d5695e3530886289c18cf2f87ec19a575a0abdce112e3a3"

[[package]]
name = "memmap2"
version = "0.9.5"
source = "registry+https://github.com/rust-lang/crates.io-index"
checksum = "fd3f7eed9d3848f8b98834af67102b720745c4ec028fcd0aa0239277e7de374f"
dependencies = [
 "libc",
]

[[package]]
name = "memoffset"
version = "0.9.1"
source = "registry+https://github.com/rust-lang/crates.io-index"
checksum = "488016bfae457b036d996092f6cb448677611ce4449e970ceaf42695203f218a"
dependencies = [
 "autocfg",
]

[[package]]
name = "nix"
version = "0.28.0"
source = "registry+https://github.com/rust-lang/crates.io-index"
checksum = "ab2156c4fce2f8df6c499cc1c763e4394b7482525bf2a9701c9d79d215f519e4"
dependencies = [
 "bitflags",
 "cfg-if",
 "cfg_aliases",
 "libc",
 "memoffset",
]

[[package]]
name = "proc-macro-crate"
version = "3.2.0"
source = "registry+https://github.com/rust-lang/crates.io-index"
checksum = "8ecf48c7ca261d60b74ab1a7b20da18bede46776b2e55535cb958eb595c5fa7b"
dependencies = [
 "toml_edit",
]

[[package]]
name = "proc-macro2"
version = "1.0.92"
source = "registry+https://github.com/rust-lang/crates.io-index"
checksum = "37d3544b3f2748c54e147655edb5025752e2303145b5aefb3c3ea2c78b973bb0"
dependencies = [
 "unicode-ident",
]

[[package]]
name = "quick-xml"
version = "0.37.2"
source = "registry+https://github.com/rust-lang/crates.io-index"
checksum = "165859e9e55f79d67b96c5d96f4e88b6f2695a1972849c15a6a3f5c59fc2c003"
dependencies = [
 "memchr",
]

[[package]]
name = "quote"
version = "1.0.38"
source = "registry+https://github.com/rust-lang/crates.io-index"
checksum = "0e4dccaaaf89514f546c693ddc140f729f958c247918a13380cccc6078391acc"
dependencies = [
 "proc-macro2",
]

[[package]]
name = "rustbus"
version = "0.19.3"
source = "git+https://github.com/KillingSpark/rustbus?rev=5875f1f#5875f1fefc054ed4e2d91641f59a55b9eaee5be9"
dependencies = [
 "nix",
 "rustbus_derive",
 "thiserror",
]

[[package]]
name = "rustbus-service"
version = "0.1.0"
source = "git+https://github.com/MaxVerevkin/rustbus-service?rev=1bd3aef#1bd3aef5fe2a646685c8e640c0f67a645eeaf41d"
dependencies = [
 "rustbus",
 "rustbus-service-macros",
]

[[package]]
name = "rustbus-service-macros"
version = "0.1.0"
source = "git+https://github.com/MaxVerevkin/rustbus-service?rev=1bd3aef#1bd3aef5fe2a646685c8e640c0f67a645eeaf41d"
dependencies = [
 "proc-macro-crate",
 "quote",
 "syn",
]

[[package]]
name = "rustbus_derive"
version = "0.6.0"
source = "git+https://github.com/KillingSpark/rustbus?rev=5875f1f#5875f1fefc054ed4e2d91641f59a55b9eaee5be9"
dependencies = [
 "proc-macro2",
 "quote",
 "syn",
]

[[package]]
name = "shmemfdrs2"
version = "1.0.0"
source = "registry+https://github.com/rust-lang/crates.io-index"
checksum = "70a05cf957f811e44f99c629e6d34025429912ffb2333f2960372669e670f54c"
dependencies = [
 "libc",
]

[[package]]
name = "syn"
version = "2.0.95"
source = "registry+https://github.com/rust-lang/crates.io-index"
checksum = "46f71c0377baf4ef1cc3e3402ded576dccc315800fbc62dfc7fe04b009773b4a"
dependencies = [
 "proc-macro2",
 "quote",
 "unicode-ident",
]

[[package]]
name = "thiserror"
version = "1.0.69"
source = "registry+https://github.com/rust-lang/crates.io-index"
checksum = "b6aaf5339b578ea85b50e080feb250a3e8ae8cfcdff9a461c9ec2904bc923f52"
dependencies = [
 "thiserror-impl",
]

[[package]]
name = "thiserror-impl"
version = "1.0.69"
source = "registry+https://github.com/rust-lang/crates.io-index"
checksum = "4fee6c4efc90059e10f81e6d42c60a18f76588c3d74cb83a0b242a2b6c7504c1"
dependencies = [
 "proc-macro2",
 "quote",
 "syn",
]

[[package]]
name = "toml_datetime"
version = "0.6.8"
source = "registry+https://github.com/rust-lang/crates.io-index"
checksum = "0dd7358ecb8fc2f8d014bf86f6f638ce72ba252a2c3a2572f2a795f1d23efb41"

[[package]]
name = "toml_edit"
version = "0.22.22"
source = "registry+https://github.com/rust-lang/crates.io-index"
checksum = "4ae48d6208a266e853d946088ed816055e556cc6028c5e8e2b84d9fa5dd7c7f5"
dependencies = [
 "indexmap",
 "toml_datetime",
 "winnow",
]

[[package]]
name = "unicode-ident"
version = "1.0.14"
source = "registry+https://github.com/rust-lang/crates.io-index"
checksum = "adb9e6ca4f869e1180728b7950e35922a7fc6397f7b641499e8f3ef06e50dc83"

[[package]]
name = "wayrs-client"
version = "1.2.0"
source = "registry+https://github.com/rust-lang/crates.io-index"
checksum = "3143d1c29da3e8b28d5e41dae7b62018633331b0a0fa38695f5b7b444df588e7"
dependencies = [
 "wayrs-core",
 "wayrs-scanner",
]

[[package]]
name = "wayrs-core"
version = "1.0.4"
source = "registry+https://github.com/rust-lang/crates.io-index"
checksum = "b6a2e30dd453ac7005dba842dba3d61cd567e86c2a818770f093d70c8c7bc5c9"
dependencies = [
 "libc",
]

[[package]]
name = "wayrs-proto-parser"
version = "3.0.0"
source = "registry+https://github.com/rust-lang/crates.io-index"
checksum = "2cf4577ebb06017a5dd3bb8f24e01c88f361f585c7fd43e8bc61a75f01651922"
dependencies = [
 "quick-xml",
]

[[package]]
name = "wayrs-protocols"
version = "0.14.5+1.39"
source = "registry+https://github.com/rust-lang/crates.io-index"
checksum = "d0d17f59bb11c00a4339895f7319494ced6c329f119d809ed40b53d7f3b5dd1a"
dependencies = [
 "wayrs-client",
]

[[package]]
name = "wayrs-scanner"
version = "0.15.2"
source = "registry+https://github.com/rust-lang/crates.io-index"
checksum = "5e3601006a001e304701cd6fd22c09abb60918f5beaaa78fc47fa94032fd1203"
dependencies = [
 "proc-macro2",
 "quote",
 "syn",
 "wayrs-proto-parser",
]

[[package]]
name = "winnow"
version = "0.6.22"
source = "registry+https://github.com/rust-lang/crates.io-index"
checksum = "39281189af81c07ec09db316b302a3e67bf9bd7cbf6c820b50e35fee9c2fa980"
dependencies = [
 "memchr",
]

[[package]]
name = "wl-gammarelay-rs"
version = "1.0.0"
dependencies = [
 "anyhow",
 "bytemuck",
 "clap",
 "libc",
 "memmap2",
 "rustbus-service",
 "shmemfdrs2",
 "wayrs-client",
 "wayrs-protocols",
]
